
Microsoft Visual Studio Solution File, Format Version 12.00
# Visual Studio Version 17
VisualStudioVersion = 17.4.33403.182
MinimumVisualStudioVersion = 10.0.40219.1
Project("{FAE04EC0-301F-11D3-BF4B-00C04F79EFBC}") = "ParcelLockers.API", "ParcelLockers.API\ParcelLockers.API.csproj", "{90454B59-DCBD-4AC5-AEA7-BB0B2CCF7755}"
EndProject
Global
	GlobalSection(SolutionConfigurationPlatforms) = preSolution
		Debug|Any CPU = Debug|Any CPU
		Release|Any CPU = Release|Any CPU
	EndGlobalSection
	GlobalSection(ProjectConfigurationPlatforms) = postSolution
		{90454B59-DCBD-4AC5-AEA7-BB0B2CCF7755}.Debug|Any CPU.ActiveCfg = Debug|Any CPU
		{90454B59-DCBD-4AC5-AEA7-BB0B2CCF7755}.Debug|Any CPU.Build.0 = Debug|Any CPU
		{90454B59-DCBD-4AC5-AEA7-BB0B2CCF7755}.Release|Any CPU.ActiveCfg = Release|Any CPU
		{90454B59-DCBD-4AC5-AEA7-BB0B2CCF7755}.Release|Any CPU.Build.0 = Release|Any CPU
	EndGlobalSection
	GlobalSection(SolutionProperties) = preSolution
		HideSolutionNode = FALSE
	EndGlobalSection
	GlobalSection(ExtensibilityGlobals) = postSolution
		SolutionGuid = {F4992899-E205-4AD3-B361-260AFF4E5C8F}
	EndGlobalSection
EndGlobal
